
Microsoft Visual Studio Solution File, Format Version 12.00
# Visual Studio Version 16
VisualStudioVersion = 16.0.33328.57
MinimumVisualStudioVersion = 10.0.40219.1
Project("{D2ABAB84-BF74-430A-B69E-9DC6D40DDA17}") = "CrimeDW_Project1", "CrimeDW_Project1.dwproj", "{C3B19F15-4274-46FB-9A9B-D5FFC32A8C04}"
EndProject
Global
	GlobalSection(SolutionConfigurationPlatforms) = preSolution
		Development|Default = Development|Default
	EndGlobalSection
	GlobalSection(ProjectConfigurationPlatforms) = postSolution
		{C3B19F15-4274-46FB-9A9B-D5FFC32A8C04}.Development|Default.ActiveCfg = Development
		{C3B19F15-4274-46FB-9A9B-D5FFC32A8C04}.Development|Default.Build.0 = Development
		{C3B19F15-4274-46FB-9A9B-D5FFC32A8C04}.Development|Default.Deploy.0 = Development
	EndGlobalSection
	GlobalSection(SolutionProperties) = preSolution
		HideSolutionNode = FALSE
	EndGlobalSection
	GlobalSection(ExtensibilityGlobals) = postSolution
		SolutionGuid = {7A8664BE-D1D5-4857-A1DF-F5D09C7FF38B}
	EndGlobalSection
EndGlobal
