
Microsoft Visual Studio Solution File, Format Version 12.00
# Visual Studio Version 16
VisualStudioVersion = 16.0.33328.57
MinimumVisualStudioVersion = 10.0.40219.1
Project("{D2ABAB84-BF74-430A-B69E-9DC6D40DDA17}") = "Project1_DW_2023", "Project1_DW_2023.dwproj", "{FAB24DD1-A9D0-4D18-8394-7FB782A60852}"
EndProject
Global
	GlobalSection(SolutionConfigurationPlatforms) = preSolution
		Development|Default = Development|Default
	EndGlobalSection
	GlobalSection(ProjectConfigurationPlatforms) = postSolution
		{FAB24DD1-A9D0-4D18-8394-7FB782A60852}.Development|Default.ActiveCfg = Development
		{FAB24DD1-A9D0-4D18-8394-7FB782A60852}.Development|Default.Build.0 = Development
		{FAB24DD1-A9D0-4D18-8394-7FB782A60852}.Development|Default.Deploy.0 = Development
	EndGlobalSection
	GlobalSection(SolutionProperties) = preSolution
		HideSolutionNode = FALSE
	EndGlobalSection
	GlobalSection(ExtensibilityGlobals) = postSolution
		SolutionGuid = {B868D1A8-3E09-4611-ABF7-CB39C45BEE84}
	EndGlobalSection
EndGlobal
